version = 1
revision = 3
requires-python = "==3.12.*"

[options]
exclude-newer = "0001-01-01T00:00:00Z" # This has no effect and is included for backwards compatibility when using relative exclude-newer values.
exclude-newer-span = "P7D"

[[package]]
name = "anyio"
version = "4.14.2"
source = { registry = "https://pypi.org/simple" }
dependencies = [
    { name = "idna" },
    { name = "typing-extensions" },
]
sdist = { url = "https://files.pythonhosted.org/packages/61/cc/a381afa6efea9f496eff839d4a6a1aed3bfafc7b3ab4b0d1b243a12573dd/anyio-4.14.2.tar.gz", hash = "sha256:cfa139f3ed1a23ee8f88a145ddb5ac7605b8bbfd8592baacd7ce3d8bb4313c7f", size = 260176, upload-time = "2026-07-12T20:29:07.082Z" }
wheels = [
    { url = "https://files.pythonhosted.org/packages/da/35/f2287558c17e29fafc8ef3daf819bb9834061cfa43bff8014f7df7f63bdc/anyio-4.14.2-py3-none-any.whl", hash = "sha256:9f505dda5ac9f0c8309b5e8bd445a8c2bf7246f3ce950121e45ea15bc41d1494", size = 125813, upload-time = "2026-07-12T20:29:05.763Z" },
]

[[package]]
name = "certifi"
version = "2026.6.17"
source = { registry = "https://pypi.org/simple" }
sdist = { url = "https://files.pythonhosted.org/packages/c9/c7/424b75da314c1045981bd9777432fad05a9e0c69daa4ed7e308bbaffe405/certifi-2026.6.17.tar.gz", hash = "sha256:024c88eeec92ca068db80f02b8b07c9cef7b9fe261d1d535abfd5abd6f6af432", size = 134594, upload-time = "2026-06-17T10:31:07.894Z" }
wheels = [
    { url = "https://files.pythonhosted.org/packages/ef/2f/c5464532e965badff2f4c4c1a3a83f5697f0d7c407ed0cda44aaa99bb451/certifi-2026.6.17-py3-none-any.whl", hash = "sha256:2227dcbaafe0d2f59279d1762ddddc37783ed4354594f194ffc31d20f41fc3db", size = 133289, upload-time = "2026-06-17T10:31:06.348Z" },
]

[[package]]
name = "colorama"
version = "0.4.6"
source = { registry = "https://pypi.org/simple" }
sdist = { url = "https://files.pythonhosted.org/packages/d8/53/6f443c9a4a8358a93a6792e2acffb9d9d5cb0a5cfd8802644b7b1c9a02e4/colorama-0.4.6.tar.gz", hash = "sha256:08695f5cb7ed6e0531a20572697297273c47b8cae5a63ffc6d6ed5c201be6e44", size = 27697, upload-time = "2022-10-25T02:36:22.414Z" }
wheels = [
    { url = "https://files.pythonhosted.org/packages/d1/d6/3965ed04c63042e047cb6a3e6ed1a63a35087b6a609aa3a15ed8ac56c221/colorama-0.4.6-py2.py3-none-any.whl", hash = "sha256:4f1d9991f5acc0ca119f9d443620b77f9d6b33703e51011c16baf57afb285fc6", size = 25335, upload-time = "2022-10-25T02:36:20.889Z" },
]

[[package]]
name = "coverage"
version = "7.15.1"
source = { registry = "https://pypi.org/simple" }
sdist = { url = "https://files.pythonhosted.org/packages/4a/83/6051c2a2feab48ae5bd27c84ef047191d2d4a3172f689e38eaa48ed17db1/coverage-7.15.1.tar.gz", hash = "sha256:165e9949eaf222ef1f018635d0d7f368a23bfe0212af558534c40d8c04686d67", size = 927640, upload-time = "2026-07-12T20:58:19.908Z" }
wheels = [
    { url = "https://files.pythonhosted.org/packages/d9/76/32c1826309beaf4604c54accef108fdd611e5e5e93f2f5192f050cd5f6bd/coverage-7.15.1-cp312-cp312-macosx_10_13_x86_64.whl", hash = "sha256:d9476292594309db922cc841dd13b303b3c388f4c25d279884f7e2341c681f80", size = 221497, upload-time = "2026-07-12T20:56:37.628Z" },
    { url = "https://files.pythonhosted.org/packages/db/5c/b88ce0d68fa550c7f3b58617fbf363bce64df5bf8295a01b627e4696e022/coverage-7.15.1-cp312-cp312-macosx_11_0_arm64.whl", hash = "sha256:0c579056b0de461b3a62318b63d0b6ce90aed7f8158d3f00da094df82f29d189", size = 221854, upload-time = "2026-07-12T20:56:39.033Z" },
    { url = "https://files.pythonhosted.org/packages/0e/fe/8509fd2a66fc4e0a829f76a0f0b1dc3cc163368352435b5f243168658077/coverage-7.15.1-cp312-cp312-manylinux1_i686.manylinux_2_28_i686.manylinux_2_5_i686.whl", hash = "sha256:23214bdbe226f2b0e9c66a7d6a1d59d4a88045dcf86e702cf0fe0d0935e3d615", size = 253359, upload-time = "2026-07-12T20:56:40.423Z" },
    { url = "https://files.pythonhosted.org/packages/e5/81/c7009ed7ea9765adb2b9d095054d748266fae5f07ac6c5f925f33715fcde/coverage-7.15.1-cp312-cp312-manylinux1_x86_64.manylinux_2_28_x86_64.manylinux_2_5_x86_64.whl", hash = "sha256:df164be93b46b4825cc39339440a05edc54c4d1d865ba4a60fd43d151a2a1cd3", size = 256096, upload-time = "2026-07-12T20:56:42.115Z" },
    { url = "https://files.pythonhosted.org/packages/21/52/dc8ee03968a5ba86e2da5aa48ddc9e3747bd65d63825fdce2d96acb9c5ff/coverage-7.15.1-cp312-cp312-manylinux2014_aarch64.manylinux_2_17_aarch64.manylinux_2_28_aarch64.whl", hash = "sha256:a524fca1a6f08927d9dc2d4c873cfb7bd7202c247f08b14bdc02424071b8b304", size = 257211, upload-time = "2026-07-12T20:56:43.513Z" },
    { url = "https://files.pythonhosted.org/packages/b8/27/95d7623908da8937deb53d48efcdbf423907a47540e63c62fa21372c652b/coverage-7.15.1-cp312-cp312-manylinux2014_ppc64le.manylinux_2_17_ppc64le.manylinux_2_28_ppc64le.whl", hash = "sha256:d70f3542cd38de85a9e257dcb1ac4c1ab4b6d7d2c2a645809207556628755d1c", size = 259473, upload-time = "2026-07-12T20:56:44.974Z" },
    { url = "https://files.pythonhosted.org/packages/f1/3b/730d761928de97d585465680b568ae69622fb40716babadeabffe75cb51b/coverage-7.15.1-cp312-cp312-manylinux_2_31_riscv64.manylinux_2_39_riscv64.whl", hash = "sha256:d78aa537237212c4313aabe5e964b66acc86350ed19ebc56a3e202df33b6077b", size = 253759, upload-time = "2026-07-12T20:56:46.615Z" },
    { url = "https://files.pythonhosted.org/packages/f1/fc/6b9277acff1f9484b6c12857af5774689d1a6a95e13265f7405329d2f5da/coverage-7.15.1-cp312-cp312-musllinux_1_2_aarch64.whl", hash = "sha256:a318112bb4f79d9d04766196d5a3388caa825908a6a9b052aa87de3d9aea7c61", size = 255131, upload-time = "2026-07-12T20:56:48.073Z" },
    { url = "https://files.pythonhosted.org/packages/3d/f2/c704f86129594ba34e25a64695d2068c71d51c2b98907184d716c94f4aec/coverage-7.15.1-cp312-cp312-musllinux_1_2_i686.whl", hash = "sha256:e55d24cada901963eed5bc89fa562aa033f0d84b9d3de4ecf363737c13aed11e", size = 253275, upload-time = "2026-07-12T20:56:49.538Z" },
    { url = "https://files.pythonhosted.org/packages/f6/29/80fee8af47de4a6dce71ccf2938491f444687a756af258a56d8469b8f1b0/coverage-7.15.1-cp312-cp312-musllinux_1_2_ppc64le.whl", hash = "sha256:3c78f0cea7275342cf2adc2ad5fdd0aafa106ad91e66d573568f2fcf62c41df5", size = 257345, upload-time = "2026-07-12T20:56:51.038Z" },
    { url = "https://files.pythonhosted.org/packages/20/21/a1e7d7ed1b48a8adf8fd5154d9e83fcc5ad8e6ff20ae00e44865057dce8d/coverage-7.15.1-cp312-cp312-musllinux_1_2_riscv64.whl", hash = "sha256:86bd37eabe39977216f630a7fc1b698e7f5e81a191c7186013245c6c3d313f9d", size = 252844, upload-time = "2026-07-12T20:56:52.535Z" },
    { url = "https://files.pythonhosted.org/packages/a7/8c/a4bc26e6ee207d412f3678f04d74be1550e83140563ca0e4997510579712/coverage-7.15.1-cp312-cp312-musllinux_1_2_x86_64.whl", hash = "sha256:c6db15c217693bdc3ca0b84de1ba9afafe1c14c26a8a29d77f4ed0de2b6132e2", size = 254716, upload-time = "2026-07-12T20:56:53.968Z" },
    { url = "https://files.pythonhosted.org/packages/11/9d/8ad0266ecfada6353cf6627a1a02294cf55a907521b6ee0bd7b770cfd659/coverage-7.15.1-cp312-cp312-win32.whl", hash = "sha256:359f3fbe09a51500c51966596ee4ee4070b356552c70b3b2420eb200d68e0f76", size = 223554, upload-time = "2026-07-12T20:56:55.583Z" },
    { url = "https://files.pythonhosted.org/packages/81/6d/24224929e06c6e05a93f738bc5f9e8e6ab658f8f1d9b823e7b85430e28b8/coverage-7.15.1-cp312-cp312-win_amd64.whl", hash = "sha256:fa75dc099c126e941a9c0baa8ebd2cbc78bd778687534fe410baf754f6d9e374", size = 224087, upload-time = "2026-07-12T20:56:57.041Z" },
    { url = "https://files.pythonhosted.org/packages/35/23/f81441dd01de88e53c97842e706907b307d9078918c3f4998b11e9ac7250/coverage-7.15.1-cp312-cp312-win_arm64.whl", hash = "sha256:26f89cf6d0634375f454fa71057945ad18edb0f1607a90fecf22c57dc3dc289a", size = 223472, upload-time = "2026-07-12T20:56:58.594Z" },
    { url = "https://files.pythonhosted.org/packages/34/98/07a67cf1a26e795d617ed5c540c042b0ac87b72f810c30c07f076cf334f3/coverage-7.15.1-py3-none-any.whl", hash = "sha256:717d01e6e00bed56ad13306f19e0dd2f4f645ee8159d2c72c72301d6cfc7090c", size = 213284, upload-time = "2026-07-12T20:58:18.079Z" },
]

[[package]]
name = "flet"
version = "0.85.3"
source = { registry = "https://pypi.org/simple" }
dependencies = [
    { name = "httpx", marker = "sys_platform != 'emscripten'" },
    { name = "msgpack" },
    { name = "oauthlib", marker = "sys_platform != 'emscripten'" },
    { name = "repath" },
]
sdist = { url = "https://files.pythonhosted.org/packages/92/9f/fd4d2adfe7220291242ca6d16879706cfdf4581190c69b271cc3ce214ee8/flet-0.85.3.tar.gz", hash = "sha256:5b606cd86da5866e7071e991dbe4019f09c69360f5993f8c47f93f05aee4ea42", size = 509336, upload-time = "2026-06-08T01:56:39.115Z" }
wheels = [
    { url = "https://files.pythonhosted.org/packages/82/b0/f2dc1ce301c88911046f7da4e8f1efa4418cb4b24fa326c391ec54b5f0f6/flet-0.85.3-py3-none-any.whl", hash = "sha256:c486adc2b6b7640ace3a614e450c5a02f731ef4698e0f0c9b823a6b906484236", size = 582912, upload-time = "2026-06-08T01:56:40.31Z" },
]

[package.optional-dependencies]
desktop = [
    { name = "flet-desktop" },
]

[[package]]
name = "flet-desktop"
version = "0.85.3"
source = { registry = "https://pypi.org/simple" }
dependencies = [
    { name = "flet" },
]
sdist = { url = "https://files.pythonhosted.org/packages/a6/3f/1e37e210335475616e038bb773b22463744c2ca6985b9a6e913d3a57a472/flet_desktop-0.85.3.tar.gz", hash = "sha256:94c1c467bc65e291a403ed2e5b5a177d7d937bbc233b8579396cdc5704be32c7", size = 6091, upload-time = "2026-06-08T01:56:44.655Z" }
wheels = [
    { url = "https://files.pythonhosted.org/packages/5d/bd/d18714ef81abec2286cfb9092dc5bddfacf014761a565864c6223d84ec62/flet_desktop-0.85.3-py3-none-any.whl", hash = "sha256:fcfb9edaf328414e4b8d27d953b92ab9f6b97b0587b3e36afaf34877f0740de2", size = 6177, upload-time = "2026-06-08T01:56:45.412Z" },
]

[[package]]
name = "h11"
version = "0.16.0"
source = { registry = "https://pypi.org/simple" }
sdist = { url = "https://files.pythonhosted.org/packages/01/ee/02a2c011bdab74c6fb3c75474d40b3052059d95df7e73351460c8588d963/h11-0.16.0.tar.gz", hash = "sha256:4e35b956cf45792e4caa5885e69fba00bdbc6ffafbfa020300e549b208ee5ff1", size = 101250, upload-time = "2025-04-24T03:35:25.427Z" }
wheels = [
    { url = "https://files.pythonhosted.org/packages/04/4b/29cac41a4d98d144bf5f6d33995617b185d14b22401f75ca86f384e87ff1/h11-0.16.0-py3-none-any.whl", hash = "sha256:63cf8bbe7522de3bf65932fda1d9c2772064ffb3dae62d55932da54b31cb6c86", size = 37515, upload-time = "2025-04-24T03:35:24.344Z" },
]

[[package]]
name = "httpcore"
version = "1.0.9"
source = { registry = "https://pypi.org/simple" }
dependencies = [
    { name = "certifi" },
    { name = "h11" },
]
sdist = { url = "https://files.pythonhosted.org/packages/06/94/82699a10bca87a5556c9c59b5963f2d039dbd239f25bc2a63907a05a14cb/httpcore-1.0.9.tar.gz", hash = "sha256:6e34463af53fd2ab5d807f399a9b45ea31c3dfa2276f15a2c3f00afff6e176e8", size = 85484, upload-time = "2025-04-24T22:06:22.219Z" }
wheels = [
    { url = "https://files.pythonhosted.org/packages/7e/f5/f66802a942d491edb555dd61e3a9961140fd64c90bce1eafd741609d334d/httpcore-1.0.9-py3-none-any.whl", hash = "sha256:2d400746a40668fc9dec9810239072b40b4484b640a8c38fd654a024c7a1bf55", size = 78784, upload-time = "2025-04-24T22:06:20.566Z" },
]

[[package]]
name = "httpx"
version = "0.28.1"
source = { registry = "https://pypi.org/simple" }
dependencies = [
    { name = "anyio" },
    { name = "certifi" },
    { name = "httpcore" },
    { name = "idna" },
]
sdist = { url = "https://files.pythonhosted.org/packages/b1/df/48c586a5fe32a0f01324ee087459e112ebb7224f646c0b5023f5e79e9956/httpx-0.28.1.tar.gz", hash = "sha256:75e98c5f16b0f35b567856f597f06ff2270a374470a5c2392242528e3e3e42fc", size = 141406, upload-time = "2024-12-06T15:37:23.222Z" }
wheels = [
    { url = "https://files.pythonhosted.org/packages/2a/39/e50c7c3a983047577ee07d2a9e53faf5a69493943ec3f6a384bdc792deb2/httpx-0.28.1-py3-none-any.whl", hash = "sha256:d909fcccc110f8c7faf814ca82a9a4d816bc5a6dbfea25d6591d6985b8ba59ad", size = 73517, upload-time = "2024-12-06T15:37:21.509Z" },
]

[[package]]
name = "idna"
version = "3.18"
source = { registry = "https://pypi.org/simple" }
sdist = { url = "https://files.pythonhosted.org/packages/cd/63/9496c57188a2ee585e0f1db071d75089a11e98aa86eb99d9d7618fc1edce/idna-3.18.tar.gz", hash = "sha256:ffb385a7e039654cef1ab9ef32c6fafe283c0c0467bba1d9029738ce4a14a848", size = 196711, upload-time = "2026-06-02T14:34:07.794Z" }
wheels = [
    { url = "https://files.pythonhosted.org/packages/1e/5e/d4e9f1a599fb8e573b7b87160658329fbf28d19eac2718f51fc3def3aa5a/idna-3.18-py3-none-any.whl", hash = "sha256:7f952cbe720b688055e3f87de14f5c3e5fdaa8bc3928985c4077ca689de849a2", size = 65455, upload-time = "2026-06-02T14:34:06.319Z" },
]

[[package]]
name = "iniconfig"
version = "2.3.0"
source = { registry = "https://pypi.org/simple" }
sdist = { url = "https://files.pythonhosted.org/packages/72/34/14ca021ce8e5dfedc35312d08ba8bf51fdd999c576889fc2c24cb97f4f10/iniconfig-2.3.0.tar.gz", hash = "sha256:c76315c77db068650d49c5b56314774a7804df16fee4402c1f19d6d15d8c4730", size = 20503, upload-time = "2025-10-18T21:55:43.219Z" }
wheels = [
    { url = "https://files.pythonhosted.org/packages/cb/b1/3846dd7f199d53cb17f49cba7e651e9ce294d8497c8c150530ed11865bb8/iniconfig-2.3.0-py3-none-any.whl", hash = "sha256:f631c04d2c48c52b84d0d0549c99ff3859c98df65b3101406327ecc7d53fbf12", size = 7484, upload-time = "2025-10-18T21:55:41.639Z" },
]

[[package]]
name = "librt"
version = "0.13.0"
source = { registry = "https://pypi.org/simple" }
sdist = { url = "https://files.pythonhosted.org/packages/dc/2f/3908645ddddab7120b46295e541ead308109fa48dbec7d67d7a778870d60/librt-0.13.0.tar.gz", hash = "sha256:1d2a610c14ac0d0750ee0a3ab8548e83155258387891caaca04def4bf7289781", size = 211402, upload-time = "2026-07-08T12:26:29.834Z" }
wheels = [
    { url = "https://files.pythonhosted.org/packages/f0/f4/b2933ddae222dac338476abb872641169a5cfed2c2bb5444a5b07b32b0c3/librt-0.13.0-cp312-cp312-macosx_10_13_x86_64.whl", hash = "sha256:30536798f4504c0fad0885b1d371b0539abb081e4570c9d7c641cb51141b49f0", size = 150990, upload-time = "2026-07-08T12:25:02.42Z" },
    { url = "https://files.pythonhosted.org/packages/90/ef/db98f744ca50e6efc9c95c70ee49b77aefac31f6a3fc7c83754a42d6a74f/librt-0.13.0-cp312-cp312-macosx_11_0_arm64.whl", hash = "sha256:93d24ebb82aa4420b1409c389e7857bc35bd0b668007ac8172427d5c73cc8cc5", size = 155238, upload-time = "2026-07-08T12:25:03.681Z" },
    { url = "https://files.pythonhosted.org/packages/03/e7/a197e7bc72baf2c61ce7fdc6906a5054dc05bd8da0819aa894e4857bf87e/librt-0.13.0-cp312-cp312-manylinux2014_aarch64.manylinux_2_17_aarch64.manylinux_2_28_aarch64.whl", hash = "sha256:cb8a1adce42d8b75485a5d56a9623a50bcab995b6079f1dac59fc44034dd93d9", size = 503073, upload-time = "2026-07-08T12:25:05.049Z" },
    { url = "https://files.pythonhosted.org/packages/f8/e7/7887712e27da7c1ab80fcabb1de6eb24243964f6557cae530d4b70706dbd/librt-0.13.0-cp312-cp312-manylinux2014_i686.manylinux_2_17_i686.manylinux_2_28_i686.whl", hash = "sha256:0763ca2ab66058174f9dee426dc64f5e0a89c24a7df8d3fe3f1836c04e25de4b", size = 496528, upload-time = "2026-07-08T12:25:06.26Z" },
    { url = "https://files.pythonhosted.org/packages/94/f0/f2283385bb6b950b26a1410f4ce51ec27231e0b3a4b925c46366d218b198/librt-0.13.0-cp312-cp312-manylinux2014_x86_64.manylinux_2_17_x86_64.manylinux_2_28_x86_64.whl", hash = "sha256:b222493da6e7b6199db9bd79502436cf5a27da3c1f7fa83c7e285444fc93fd03", size = 531786, upload-time = "2026-07-08T12:25:07.658Z" },
    { url = "https://files.pythonhosted.org/packages/36/11/69ac3b54766ffba5fd7e5acebfb048d66dbe1f9f2d14516c2b3edc59cf87/librt-0.13.0-cp312-cp312-manylinux_2_34_riscv64.manylinux_2_39_riscv64.whl", hash = "sha256:fadc63331f4388c3dc90090448f682a7e9feafc11481391c1e94f2f907a3976e", size = 524393, upload-time = "2026-07-08T12:25:09.121Z" },
    { url = "https://files.pythonhosted.org/packages/61/5f/d72f95fd444a926a3c14b4e24979474116988dd57a45be242077c45d3c22/librt-0.13.0-cp312-cp312-musllinux_1_2_aarch64.whl", hash = "sha256:70d9c62a4cffd9f23396cd5ef93fc5d11b31596b9b7d6306074abe3d5fcf09bd", size = 543026, upload-time = "2026-07-08T12:25:10.459Z" },
    { url = "https://files.pythonhosted.org/packages/c4/08/dcd9993ad192737a004ba263d549f8ea605b326b952e7d6205c7d4170b76/librt-0.13.0-cp312-cp312-musllinux_1_2_i686.whl", hash = "sha256:66c0e7e6b02a155576df2c77ec933a70b72da726e248c494abf690923e624348", size = 546829, upload-time = "2026-07-08T12:25:11.716Z" },
    { url = "https://files.pythonhosted.org/packages/96/d5/6d9bb2f54e4109a956b7128836529653eb9d740f784bc47ed10a02c1000e/librt-0.13.0-cp312-cp312-musllinux_1_2_riscv64.whl", hash = "sha256:ac04bcd3328eb91d99dfedf6a60d9c1f15d3434e6f6daf922f0420f7d90b85c7", size = 535700, upload-time = "2026-07-08T12:25:13.144Z" },
    { url = "https://files.pythonhosted.org/packages/8c/f2/10946922503858a359492fa27f13e86228bde702116a740ac7b3cd185f24/librt-0.13.0-cp312-cp312-musllinux_1_2_x86_64.whl", hash = "sha256:db327e7271e653c32040b85ae6188059c924b57d7e1e29f935523fa017cd4e82", size = 573566, upload-time = "2026-07-08T12:25:14.336Z" },
    { url = "https://files.pythonhosted.org/packages/48/a8/94f00e3c99479a18088af3685ea016c42f3c7d5d1964d8dbb40c08d7f1aa/librt-0.13.0-cp312-cp312-win32.whl", hash = "sha256:860bd1d8ba48456ce08feaf8d343a8aaeb2fa086f2bcaa2a923fa3f7a3ff9aa3", size = 106099, upload-time = "2026-07-08T12:25:16.159Z" },
    { url = "https://files.pythonhosted.org/packages/c9/7b/2da9c74c1ed25a89cc4e1c8e007ea2eb4a0f1fafa3e70d757fe3242c5c5c/librt-0.13.0-cp312-cp312-win_amd64.whl", hash = "sha256:e54a315caf843c8d77e388cadc56ea9ded569935ee2d2347d7ea94992e5aa6fa", size = 126934, upload-time = "2026-07-08T12:25:17.275Z" },
    { url = "https://files.pythonhosted.org/packages/d0/65/aead61bbf3b5358593f9d4779d2a0e88eaf6ec191a6342dde36dd1df6371/librt-0.13.0-cp312-cp312-win_arm64.whl", hash = "sha256:c718e99a0992127af84385378460db624103b559ab260435abcfe77a4e4ed1c1", size = 112236, upload-time = "2026-07-08T12:25:18.425Z" },
]

[[package]]
name = "mod-debug-pilot"
version = "0.1.0.dev0"
source = { editable = "." }
dependencies = [
    { name = "flet", extra = ["desktop"] },
    { name = "pillow" },
]

[package.dev-dependencies]
dev = [
    { name = "mypy" },
    { name = "pytest" },
    { name = "pytest-cov" },
    { name = "ruff" },
]

[package.metadata]
requires-dist = [
    { name = "flet", extras = ["desktop"], specifier = ">=0.85,<0.87" },
    { name = "pillow", specifier = ">=11.3,<13" },
]

[package.metadata.requires-dev]
dev = [
    { name = "mypy", specifier = ">=1.17,<2" },
    { name = "pytest", specifier = ">=8.4,<10" },
    { name = "pytest-cov", specifier = ">=6.2,<8" },
    { name = "ruff", specifier = ">=0.12,<0.15" },
]

[[package]]
name = "msgpack"
version = "1.2.1"
source = { registry = "https://pypi.org/simple" }
sdist = { url = "https://files.pythonhosted.org/packages/31/f9/c0a1c127f9049db9155afc316952ea571720dd01833ff5e4d7e8e6352dbb/msgpack-1.2.1.tar.gz", hash = "sha256:04c721c2c7448767e9e3f2520a475663d8ee0f09c31890f6d2bd70fd636a9647", size = 183960, upload-time = "2026-06-18T16:13:52.594Z" }
wheels = [
    { url = "https://files.pythonhosted.org/packages/bc/dd/9e8cbd8f5582ca4b590336f2b91ee5662f6a6ca562b565abaf696a0f81ff/msgpack-1.2.1-cp312-cp312-macosx_10_13_x86_64.whl", hash = "sha256:2ef59c659f289eddf8aa6623823f19fa2f40a4029266889eac7a2505dd210c35", size = 83531, upload-time = "2026-06-18T16:12:58.249Z" },
    { url = "https://files.pythonhosted.org/packages/50/2e/ebdb85a8da151397a2790363676b7ed7c125924fe618e4c6d8befb0cc62c/msgpack-1.2.1-cp312-cp312-macosx_11_0_arm64.whl", hash = "sha256:d3567748a5107cb40cdf66a275430c2f87c07777698f4bfd25c35f44d533258c", size = 82657, upload-time = "2026-06-18T16:12:59.396Z" },
    { url = "https://files.pythonhosted.org/packages/26/aa/753ad8b007b464e1d8aa0c8e650b9c5f4f725e658fc5ac8a7635c55b7f6e/msgpack-1.2.1-cp312-cp312-manylinux2014_aarch64.manylinux_2_17_aarch64.manylinux_2_28_aarch64.whl", hash = "sha256:60926b75d00c8e816ef98f3034f484a8bc64242d66839cef4cf7e503142316a0", size = 410634, upload-time = "2026-06-18T16:13:00.383Z" },
    { url = "https://files.pythonhosted.org/packages/6a/fd/6adabd4f6d5e686f97dd02ce7fce3fe4cf672cbac36b8f67ff4040e8ad8b/msgpack-1.2.1-cp312-cp312-manylinux2014_x86_64.manylinux_2_17_x86_64.manylinux_2_28_x86_64.whl", hash = "sha256:020e881a764b20d8d7ca1a54fc01b8175519d108e3c3f194fddc200bda95951a", size = 419989, upload-time = "2026-06-18T16:13:01.776Z" },
    { url = "https://files.pythonhosted.org/packages/5a/cc/85039b7b0eb168aaad7383a23c97e291a11f08351cb45a606ce865e4e3f1/msgpack-1.2.1-cp312-cp312-manylinux_2_31_riscv64.manylinux_2_39_riscv64.whl", hash = "sha256:4202c74688ca06591f78cb18988228bd4cca2cc75d57b60008372892d2f1e6e6", size = 377544, upload-time = "2026-06-18T16:13:03.637Z" },
    { url = "https://files.pythonhosted.org/packages/ed/bf/35963899493b32030c85fc513b723ae66144ac70c11ebc52e889e16e3d99/msgpack-1.2.1-cp312-cp312-musllinux_1_2_aarch64.whl", hash = "sha256:8b267ce94efb76fbd1b3373511420074ee3187f0f7811bf394531de13294735a", size = 400842, upload-time = "2026-06-18T16:13:05.012Z" },
    { url = "https://files.pythonhosted.org/packages/a6/df/8e2ac970c8f99264cd9997d1c73df5466bc19da3301d7dc5500862a9b089/msgpack-1.2.1-cp312-cp312-musllinux_1_2_riscv64.whl", hash = "sha256:e4f1d0f8f98ade9634e01fb704a408f9336c0a8f1117b369f5db83dc7551d8b1", size = 374108, upload-time = "2026-06-18T16:13:06.232Z" },
    { url = "https://files.pythonhosted.org/packages/17/dd/fa8bd265110dfa51c20cb529f9e6d240a16fafe7e645004c6af2d01353ba/msgpack-1.2.1-cp312-cp312-musllinux_1_2_x86_64.whl", hash = "sha256:f02cf17a6ca1abe29b5f980644f7551f94d71f2011509b26d8625ce038f0df64", size = 414939, upload-time = "2026-06-18T16:13:07.478Z" },
    { url = "https://files.pythonhosted.org/packages/2e/b9/8377a5ad8953fc0437c70cc98d9ae29f27fe5ac5109fbec0812085865735/msgpack-1.2.1-cp312-cp312-win32.whl", hash = "sha256:0c0d9802354507bcba62af19c17918e3eb437cc25e6f50657d511b5856a77aac", size = 64504, upload-time = "2026-06-18T16:13:08.822Z" },
    { url = "https://files.pythonhosted.org/packages/57/7f/ce1e377df7e62461fefd9eb23bfb93a4a523f40a517b377b8f844d836828/msgpack-1.2.1-cp312-cp312-win_amd64.whl", hash = "sha256:5c24aa15d5963051e1a5c62b12c50cd705992502b5ec1f3bece6046f33c9fc24", size = 71421, upload-time = "2026-06-18T16:13:09.828Z" },
    { url = "https://files.pythonhosted.org/packages/8f/32/ebfe84c9929f08f188d56c7a2fd913406a9ddad76a634697c1c43b8112e6/msgpack-1.2.1-cp312-cp312-win_arm64.whl", hash = "sha256:4227224aaec8f7fbcbfbd4272319347b2bb4030366502600f8c45588c5187b07", size = 64775, upload-time = "2026-06-18T16:13:11.056Z" },
]

[[package]]
name = "mypy"
version = "1.20.2"
source = { registry = "https://pypi.org/simple" }
dependencies = [
    { name = "librt", marker = "platform_python_implementation != 'PyPy'" },
    { name = "mypy-extensions" },
    { name = "pathspec" },
    { name = "typing-extensions" },
]
sdist = { url = "https://files.pythonhosted.org/packages/04/af/e3d4b3e9ec91a0ff9aabfdb38692952acf49bbb899c2e4c29acb3a6da3ae/mypy-1.20.2.tar.gz", hash = "sha256:e8222c26daaafd9e8626dec58ae36029f82585890589576f769a650dd20fd665", size = 3817349, upload-time = "2026-04-21T17:12:28.473Z" }
wheels = [
    { url = "https://files.pythonhosted.org/packages/71/4e/7560e4528db9e9b147e4c0f22660466bf30a0a1fe3d63d1b9d3b0fd354ee/mypy-1.20.2-cp312-cp312-macosx_10_13_x86_64.whl", hash = "sha256:4dbfcf869f6b0517f70cf0030ba6ea1d6645e132337a7d5204a18d8d5636c02b", size = 14539393, upload-time = "2026-04-21T17:07:12.52Z" },
    { url = "https://files.pythonhosted.org/packages/32/d9/34a5efed8124f5a9234f55ac6a4ced4201e2c5b81e1109c49ad23190ec8c/mypy-1.20.2-cp312-cp312-macosx_11_0_arm64.whl", hash = "sha256:4b6481b228d072315b053210b01ac320e1be243dc17f9e5887ef167f23f5fae4", size = 13361642, upload-time = "2026-04-21T17:06:53.742Z" },
    { url = "https://files.pythonhosted.org/packages/d1/14/eb377acf78c03c92d566a1510cda8137348215b5335085ef662ab82ecd3a/mypy-1.20.2-cp312-cp312-manylinux2014_aarch64.manylinux_2_17_aarch64.manylinux_2_28_aarch64.whl", hash = "sha256:34397cdced6b90b836e38182076049fdb41424322e0b0728c946b0939ebdf9f6", size = 13740347, upload-time = "2026-04-21T17:12:04.73Z" },
    { url = "https://files.pythonhosted.org/packages/b9/94/7e4634a32b641aa1c112422eed1bbece61ee16205f674190e8b536f884de/mypy-1.20.2-cp312-cp312-manylinux2014_x86_64.manylinux_2_17_x86_64.manylinux_2_28_x86_64.whl", hash = "sha256:a5da6976f20cae27059ea8d0c86e7cef3de720e04c4bb9ee18e3690fdb792066", size = 14734042, upload-time = "2026-04-21T17:07:43.16Z" },
    { url = "https://files.pythonhosted.org/packages/7a/f3/f7e62395cb7f434541b4491a01149a4439e28ace4c0c632bbf5431e92d1f/mypy-1.20.2-cp312-cp312-musllinux_1_2_x86_64.whl", hash = "sha256:56908d7e08318d39f85b1f0c6cfd47b0cac1a130da677630dac0de3e0623e102", size = 14964958, upload-time = "2026-04-21T17:11:00.665Z" },
    { url = "https://files.pythonhosted.org/packages/3e/0d/47e3c3a0ec2a876e35aeac365df3cac7776c36bbd4ed18cc521e1b9d255b/mypy-1.20.2-cp312-cp312-win_amd64.whl", hash = "sha256:d52ad8d78522da1d308789df651ee5379088e77c76cb1994858d40a426b343b9", size = 10911340, upload-time = "2026-04-21T17:10:49.179Z" },
    { url = "https://files.pythonhosted.org/packages/d6/b2/6c852d72e0ea8b01f49da817fb52539993cde327e7d010e0103dc12d0dac/mypy-1.20.2-cp312-cp312-win_arm64.whl", hash = "sha256:785b08db19c9f214dc37d65f7c165d19a30fcecb48abfa30f31b01b5acaabb58", size = 9833947, upload-time = "2026-04-21T17:09:05.267Z" },
    { url = "https://files.pythonhosted.org/packages/28/9a/f23c163e25b11074188251b0b5a0342625fc1cdb6af604757174fa9acc9b/mypy-1.20.2-py3-none-any.whl", hash = "sha256:a94c5a76ab46c5e6257c7972b6c8cff0574201ca7dc05647e33e795d78680563", size = 2637314, upload-time = "2026-04-21T17:05:54.5Z" },
]

[[package]]
name = "mypy-extensions"
version = "1.1.0"
source = { registry = "https://pypi.org/simple" }
sdist = { url = "https://files.pythonhosted.org/packages/a2/6e/371856a3fb9d31ca8dac321cda606860fa4548858c0cc45d9d1d4ca2628b/mypy_extensions-1.1.0.tar.gz", hash = "sha256:52e68efc3284861e772bbcd66823fde5ae21fd2fdb51c62a211403730b916558", size = 6343, upload-time = "2025-04-22T14:54:24.164Z" }
wheels = [
    { url = "https://files.pythonhosted.org/packages/79/7b/2c79738432f5c924bef5071f933bcc9efd0473bac3b4aa584a6f7c1c8df8/mypy_extensions-1.1.0-py3-none-any.whl", hash = "sha256:1be4cccdb0f2482337c4743e60421de3a356cd97508abadd57d47403e94f5505", size = 4963, upload-time = "2025-04-22T14:54:22.983Z" },
]

[[package]]
name = "oauthlib"
version = "3.3.1"
source = { registry = "https://pypi.org/simple" }
sdist = { url = "https://files.pythonhosted.org/packages/0b/5f/19930f824ffeb0ad4372da4812c50edbd1434f678c90c2733e1188edfc63/oauthlib-3.3.1.tar.gz", hash = "sha256:0f0f8aa759826a193cf66c12ea1af1637f87b9b4622d46e866952bb022e538c9", size = 185918, upload-time = "2025-06-19T22:48:08.269Z" }
wheels = [
    { url = "https://files.pythonhosted.org/packages/be/9c/92789c596b8df838baa98fa71844d84283302f7604ed565dafe5a6b5041a/oauthlib-3.3.1-py3-none-any.whl", hash = "sha256:88119c938d2b8fb88561af5f6ee0eec8cc8d552b7bb1f712743136eb7523b7a1", size = 160065, upload-time = "2025-06-19T22:48:06.508Z" },
]

[[package]]
name = "packaging"
version = "26.2"
source = { registry = "https://pypi.org/simple" }
sdist = { url = "https://files.pythonhosted.org/packages/d7/f1/e7a6dd94a8d4a5626c03e4e99c87f241ba9e350cd9e6d75123f992427270/packaging-26.2.tar.gz", hash = "sha256:ff452ff5a3e828ce110190feff1178bb1f2ea2281fa2075aadb987c2fb221661", size = 228134, upload-time = "2026-04-24T20:15:23.917Z" }
wheels = [
    { url = "https://files.pythonhosted.org/packages/df/b2/87e62e8c3e2f4b32e5fe99e0b86d576da1312593b39f47d8ceef365e95ed/packaging-26.2-py3-none-any.whl", hash = "sha256:5fc45236b9446107ff2415ce77c807cee2862cb6fac22b8a73826d0693b0980e", size = 100195, upload-time = "2026-04-24T20:15:22.081Z" },
]

[[package]]
name = "pathspec"
version = "1.1.1"
source = { registry = "https://pypi.org/simple" }
sdist = { url = "https://files.pythonhosted.org/packages/5a/82/42f767fc1c1143d6fd36efb827202a2d997a375e160a71eb2888a925aac1/pathspec-1.1.1.tar.gz", hash = "sha256:17db5ecd524104a120e173814c90367a96a98d07c45b2e10c2f3919fff91bf5a", size = 135180, upload-time = "2026-04-27T01:46:08.907Z" }
wheels = [
    { url = "https://files.pythonhosted.org/packages/f1/d9/7fb5aa316bc299258e68c73ba3bddbc499654a07f151cba08f6153988714/pathspec-1.1.1-py3-none-any.whl", hash = "sha256:a00ce642f577bf7f473932318056212bc4f8bfdf53128c78bbd5af0b9b20b189", size = 57328, upload-time = "2026-04-27T01:46:07.06Z" },
]

[[package]]
name = "pillow"
version = "12.3.0"
source = { registry = "https://pypi.org/simple" }
sdist = { url = "https://files.pythonhosted.org/packages/1c/3d/bb7fca845737cf9d7dbde16ed1843984665ff2e0a518f5db43e77ec540b9/pillow-12.3.0.tar.gz", hash = "sha256:3b8182a766685eaa002637e28b4ec8d6b18819a0c71f579bf0dbaa5830297cce", size = 47025035, upload-time = "2026-07-01T11:56:38.965Z" }
wheels = [
    { url = "https://files.pythonhosted.org/packages/37/bf/fb3ebff8ddcb76aac5a01389251bbbb9519922a9b520d8247c1ca864a25d/pillow-12.3.0-cp312-cp312-macosx_10_13_x86_64.whl", hash = "sha256:ba09209fbe443b4acccebe845d8a138b89a8f4fbaeedd44953490b5315d5e965", size = 5345969, upload-time = "2026-07-01T11:54:06.397Z" },
    { url = "https://files.pythonhosted.org/packages/d8/66/9a386a92561f402389a4fc70c18838bf6d35eb5eb5c6850b4b2dc64f5048/pillow-12.3.0-cp312-cp312-macosx_11_0_arm64.whl", hash = "sha256:ffd0c5368496f41b0944be820fcb7a838aa6e623d250b01acf2643939c3f99d7", size = 4780323, upload-time = "2026-07-01T11:54:09.351Z" },
    { url = "https://files.pythonhosted.org/packages/25/27/ac8f99618ffd3dde21db0f4d4b1d2ab00c0880595bfd17df103f7f39fd0c/pillow-12.3.0-cp312-cp312-manylinux_2_27_aarch64.manylinux_2_28_aarch64.whl", hash = "sha256:d9c7f76c0673154f044e9d78c8655fb4213f6ca31a836df48b40fe5d187717b9", size = 6266838, upload-time = "2026-07-01T11:54:11.71Z" },
    { url = "https://files.pythonhosted.org/packages/84/21/a35af28dcc61f37ed850a2d64c65c701321dfbf25085e469d5559360cbbf/pillow-12.3.0-cp312-cp312-manylinux_2_27_x86_64.manylinux_2_28_x86_64.whl", hash = "sha256:78cb2c6865a35ab8ff8b75fd122f6033b92a62c82801110e48ddd6c936a45d91", size = 6940830, upload-time = "2026-07-01T11:54:13.732Z" },
    { url = "https://files.pythonhosted.org/packages/eb/51/8b08617af3ad95e33ce6d7dd2c99ed6c8298f7fb131636303956be022e25/pillow-12.3.0-cp312-cp312-musllinux_1_2_aarch64.whl", hash = "sha256:e491916b378fba47242221bb9ead245211b70d504f495d105d17b14a24b4907c", size = 6344383, upload-time = "2026-07-01T11:54:15.756Z" },
    { url = "https://files.pythonhosted.org/packages/1d/72/cf78ac9780bb93c28328f408973845a309d4d145041665f734572ced1b52/pillow-12.3.0-cp312-cp312-musllinux_1_2_x86_64.whl", hash = "sha256:0dd2064cbc55aaec028ef5fbb60fa47bb6c3e7918e07ff17935284b227a9d2df", size = 7052934, upload-time = "2026-07-01T11:54:17.721Z" },
    { url = "https://files.pythonhosted.org/packages/20/20/25e0f4dc178a6bc0696793720055519a0de89e7661dae886992decbd2f81/pillow-12.3.0-cp312-cp312-win32.whl", hash = "sha256:dbce0b29841537a2fa4a214c2bbf14de3587c9680caa9b4e217568472490b28f", size = 6472684, upload-time = "2026-07-01T11:54:19.839Z" },
    { url = "https://files.pythonhosted.org/packages/45/89/da2f7971a317f83d807fdd4065c0af40208e59e692cc43d315a71a0e96d1/pillow-12.3.0-cp312-cp312-win_amd64.whl", hash = "sha256:a2b55dd6b2a4c4b7d87ffa56bdb33fdc5fdb9a462173861a7bc097f17d91cb09", size = 7227137, upload-time = "2026-07-01T11:54:22.025Z" },
    { url = "https://files.pythonhosted.org/packages/de/47/4845a0a6c0dbf1db8456bd9fc791f13c5ced7ced20606d08a0aacfd25b49/pillow-12.3.0-cp312-cp312-win_arm64.whl", hash = "sha256:331b624368d4f1d069149002f25f44bc61c8919ce8ddb3c45bdad8f6e2d89510", size = 2568267, upload-time = "2026-07-01T11:54:24.051Z" },
]

[[package]]
name = "pluggy"
version = "1.6.0"
source = { registry = "https://pypi.org/simple" }
sdist = { url = "https://files.pythonhosted.org/packages/f9/e2/3e91f31a7d2b083fe6ef3fa267035b518369d9511ffab804f839851d2779/pluggy-1.6.0.tar.gz", hash = "sha256:7dcc130b76258d33b90f61b658791dede3486c3e6bfb003ee5c9bfb396dd22f3", size = 69412, upload-time = "2025-05-15T12:30:07.975Z" }
wheels = [
    { url = "https://files.pythonhosted.org/packages/54/20/4d324d65cc6d9205fabedc306948156824eb9f0ee1633355a8f7ec5c66bf/pluggy-1.6.0-py3-none-any.whl", hash = "sha256:e920276dd6813095e9377c0bc5566d94c932c33b27a3e3945d8389c374dd4746", size = 20538, upload-time = "2025-05-15T12:30:06.134Z" },
]

[[package]]
name = "pygments"
version = "2.20.0"
source = { registry = "https://pypi.org/simple" }
sdist = { url = "https://files.pythonhosted.org/packages/c3/b2/bc9c9196916376152d655522fdcebac55e66de6603a76a02bca1b6414f6c/pygments-2.20.0.tar.gz", hash = "sha256:6757cd03768053ff99f3039c1a36d6c0aa0b263438fcab17520b30a303a82b5f", size = 4955991, upload-time = "2026-03-29T13:29:33.898Z" }
wheels = [
    { url = "https://files.pythonhosted.org/packages/f4/7e/a72dd26f3b0f4f2bf1dd8923c85f7ceb43172af56d63c7383eb62b332364/pygments-2.20.0-py3-none-any.whl", hash = "sha256:81a9e26dd42fd28a23a2d169d86d7ac03b46e2f8b59ed4698fb4785f946d0176", size = 1231151, upload-time = "2026-03-29T13:29:30.038Z" },
]

[[package]]
name = "pytest"
version = "9.1.1"
source = { registry = "https://pypi.org/simple" }
dependencies = [
    { name = "colorama", marker = "sys_platform == 'win32'" },
    { name = "iniconfig" },
    { name = "packaging" },
    { name = "pluggy" },
    { name = "pygments" },
]
sdist = { url = "https://files.pythonhosted.org/packages/e4/47/b9efed96c114afcfa3c9d3fe98a76a1d14c74a9e266d397cf6eb64be5e01/pytest-9.1.1.tar.gz", hash = "sha256:1088fbde8f2b49d95a549a195707afa7a76a3ce9bcadc26b6d71f0ffda5fe313", size = 1636369, upload-time = "2026-06-19T10:58:32.857Z" }
wheels = [
    { url = "https://files.pythonhosted.org/packages/24/25/1de2678b631f5a49215c6c96fff41ba892b0a34df68d6d80292b1b48aa7f/pytest-9.1.1-py3-none-any.whl", hash = "sha256:37a86b45efb9a47a61a36449063e8e18d0cab3161329fc099eb21783169c4f0c", size = 386536, upload-time = "2026-06-19T10:58:31.347Z" },
]

[[package]]
name = "pytest-cov"
version = "7.1.0"
source = { registry = "https://pypi.org/simple" }
dependencies = [
    { name = "coverage" },
    { name = "pluggy" },
    { name = "pytest" },
]
sdist = { url = "https://files.pythonhosted.org/packages/b1/51/a849f96e117386044471c8ec2bd6cfebacda285da9525c9106aeb28da671/pytest_cov-7.1.0.tar.gz", hash = "sha256:30674f2b5f6351aa09702a9c8c364f6a01c27aae0c1366ae8016160d1efc56b2", size = 55592, upload-time = "2026-03-21T20:11:16.284Z" }
wheels = [
    { url = "https://files.pythonhosted.org/packages/9d/7a/d968e294073affff457b041c2be9868a40c1c71f4a35fcc1e45e5493067b/pytest_cov-7.1.0-py3-none-any.whl", hash = "sha256:a0461110b7865f9a271aa1b51e516c9a95de9d696734a2f71e3e78f46e1d4678", size = 22876, upload-time = "2026-03-21T20:11:14.438Z" },
]

[[package]]
name = "repath"
version = "0.9.0"
source = { registry = "https://pypi.org/simple" }
dependencies = [
    { name = "six" },
]
sdist = { url = "https://files.pythonhosted.org/packages/65/e1/824989291d0f01886074fdf9504ba54598f5665bc4dd373b589b87e76608/repath-0.9.0.tar.gz", hash = "sha256:8292139bac6a0e43fd9d70605d4e8daeb25d46672e484ed31a24c7ce0aef0fb7", size = 5492, upload-time = "2019-10-08T00:25:22.3Z" }
wheels = [
    { url = "https://files.pythonhosted.org/packages/87/ed/92e9b8a3ffc562f21df14ef2538f54e911df29730e1f0d79130a4edc86e7/repath-0.9.0-py3-none-any.whl", hash = "sha256:ee079d6c91faeb843274d22d8f786094ee01316ecfe293a1eb6546312bb6a318", size = 4738, upload-time = "2019-10-08T00:25:20.842Z" },
]

[[package]]
name = "ruff"
version = "0.14.14"
source = { registry = "https://pypi.org/simple" }
sdist = { url = "https://files.pythonhosted.org/packages/2e/06/f71e3a86b2df0dfa2d2f72195941cd09b44f87711cb7fa5193732cb9a5fc/ruff-0.14.14.tar.gz", hash = "sha256:2d0f819c9a90205f3a867dbbd0be083bee9912e170fd7d9704cc8ae45824896b", size = 4515732, upload-time = "2026-01-22T22:30:17.527Z" }
wheels = [
    { url = "https://files.pythonhosted.org/packages/d2/89/20a12e97bc6b9f9f68343952da08a8099c57237aef953a56b82711d55edd/ruff-0.14.14-py3-none-linux_armv6l.whl", hash = "sha256:7cfe36b56e8489dee8fbc777c61959f60ec0f1f11817e8f2415f429552846aed", size = 10467650, upload-time = "2026-01-22T22:30:08.578Z" },
    { url = "https://files.pythonhosted.org/packages/a3/b1/c5de3fd2d5a831fcae21beda5e3589c0ba67eec8202e992388e4b17a6040/ruff-0.14.14-py3-none-macosx_10_12_x86_64.whl", hash = "sha256:6006a0082336e7920b9573ef8a7f52eec837add1265cc74e04ea8a4368cd704c", size = 10883245, upload-time = "2026-01-22T22:30:04.155Z" },
    { url = "https://files.pythonhosted.org/packages/b8/7c/3c1db59a10e7490f8f6f8559d1db8636cbb13dccebf18686f4e3c9d7c772/ruff-0.14.14-py3-none-macosx_11_0_arm64.whl", hash = "sha256:026c1d25996818f0bf498636686199d9bd0d9d6341c9c2c3b62e2a0198b758de", size = 10231273, upload-time = "2026-01-22T22:30:34.642Z" },
    { url = "https://files.pythonhosted.org/packages/a1/6e/5e0e0d9674be0f8581d1f5e0f0a04761203affce3232c1a1189d0e3b4dad/ruff-0.14.14-py3-none-manylinux_2_17_aarch64.manylinux2014_aarch64.whl", hash = "sha256:f666445819d31210b71e0a6d1c01e24447a20b85458eea25a25fe8142210ae0e", size = 10585753, upload-time = "2026-01-22T22:30:31.781Z" },
    { url = "https://files.pythonhosted.org/packages/23/09/754ab09f46ff1884d422dc26d59ba18b4e5d355be147721bb2518aa2a014/ruff-0.14.14-py3-none-manylinux_2_17_armv7l.manylinux2014_armv7l.whl", hash = "sha256:3c0f18b922c6d2ff9a5e6c3ee16259adc513ca775bcf82c67ebab7cbd9da5bc8", size = 10286052, upload-time = "2026-01-22T22:30:24.827Z" },
    { url = "https://files.pythonhosted.org/packages/c8/cc/e71f88dd2a12afb5f50733851729d6b571a7c3a35bfdb16c3035132675a0/ruff-0.14.14-py3-none-manylinux_2_17_i686.manylinux2014_i686.whl", hash = "sha256:1629e67489c2dea43e8658c3dba659edbfd87361624b4040d1df04c9740ae906", size = 11043637, upload-time = "2026-01-22T22:30:13.239Z" },
    { url = "https://files.pythonhosted.org/packages/67/b2/397245026352494497dac935d7f00f1468c03a23a0c5db6ad8fc49ca3fb2/ruff-0.14.14-py3-none-manylinux_2_17_ppc64.manylinux2014_ppc64.whl", hash = "sha256:27493a2131ea0f899057d49d303e4292b2cae2bb57253c1ed1f256fbcd1da480", size = 12194761, upload-time = "2026-01-22T22:30:22.542Z" },
    { url = "https://files.pythonhosted.org/packages/5b/06/06ef271459f778323112c51b7587ce85230785cd64e91772034ddb88f200/ruff-0.14.14-py3-none-manylinux_2_17_ppc64le.manylinux2014_ppc64le.whl", hash = "sha256:01ff589aab3f5b539e35db38425da31a57521efd1e4ad1ae08fc34dbe30bd7df", size = 12005701, upload-time = "2026-01-22T22:30:20.499Z" },
    { url = "https://files.pythonhosted.org/packages/41/d6/99364514541cf811ccc5ac44362f88df66373e9fec1b9d1c4cc830593fe7/ruff-0.14.14-py3-none-manylinux_2_17_s390x.manylinux2014_s390x.whl", hash = "sha256:1cc12d74eef0f29f51775f5b755913eb523546b88e2d733e1d701fe65144e89b", size = 11282455, upload-time = "2026-01-22T22:29:59.679Z" },
    { url = "https://files.pythonhosted.org/packages/ca/71/37daa46f89475f8582b7762ecd2722492df26421714a33e72ccc9a84d7a5/ruff-0.14.14-py3-none-manylinux_2_17_x86_64.manylinux2014_x86_64.whl", hash = "sha256:bb8481604b7a9e75eff53772496201690ce2687067e038b3cc31aaf16aa0b974", size = 11215882, upload-time = "2026-01-22T22:29:57.032Z" },
    { url = "https://files.pythonhosted.org/packages/2c/10/a31f86169ec91c0705e618443ee74ede0bdd94da0a57b28e72db68b2dbac/ruff-0.14.14-py3-none-manylinux_2_31_riscv64.whl", hash = "sha256:14649acb1cf7b5d2d283ebd2f58d56b75836ed8c6f329664fa91cdea19e76e66", size = 11180549, upload-time = "2026-01-22T22:30:27.175Z" },
    { url = "https://files.pythonhosted.org/packages/fd/1e/c723f20536b5163adf79bdd10c5f093414293cdf567eed9bdb7b83940f3f/ruff-0.14.14-py3-none-musllinux_1_2_aarch64.whl", hash = "sha256:e8058d2145566510790eab4e2fad186002e288dec5e0d343a92fe7b0bc1b3e13", size = 10543416, upload-time = "2026-01-22T22:30:01.964Z" },
    { url = "https://files.pythonhosted.org/packages/3e/34/8a84cea7e42c2d94ba5bde1d7a4fae164d6318f13f933d92da6d7c2041ff/ruff-0.14.14-py3-none-musllinux_1_2_armv7l.whl", hash = "sha256:e651e977a79e4c758eb807f0481d673a67ffe53cfa92209781dfa3a996cf8412", size = 10285491, upload-time = "2026-01-22T22:30:29.51Z" },
    { url = "https://files.pythonhosted.org/packages/55/ef/b7c5ea0be82518906c978e365e56a77f8de7678c8bb6651ccfbdc178c29f/ruff-0.14.14-py3-none-musllinux_1_2_i686.whl", hash = "sha256:cc8b22da8d9d6fdd844a68ae937e2a0adf9b16514e9a97cc60355e2d4b219fc3", size = 10733525, upload-time = "2026-01-22T22:30:06.499Z" },
    { url = "https://files.pythonhosted.org/packages/6a/5b/aaf1dfbcc53a2811f6cc0a1759de24e4b03e02ba8762daabd9b6bd8c59e3/ruff-0.14.14-py3-none-musllinux_1_2_x86_64.whl", hash = "sha256:16bc890fb4cc9781bb05beb5ab4cd51be9e7cb376bf1dd3580512b24eb3fda2b", size = 11315626, upload-time = "2026-01-22T22:30:36.848Z" },
    { url = "https://files.pythonhosted.org/packages/2c/aa/9f89c719c467dfaf8ad799b9bae0df494513fb21d31a6059cb5870e57e74/ruff-0.14.14-py3-none-win32.whl", hash = "sha256:b530c191970b143375b6a68e6f743800b2b786bbcf03a7965b06c4bf04568167", size = 10502442, upload-time = "2026-01-22T22:30:38.93Z" },
    { url = "https://files.pythonhosted.org/packages/87/44/90fa543014c45560cae1fffc63ea059fb3575ee6e1cb654562197e5d16fb/ruff-0.14.14-py3-none-win_amd64.whl", hash = "sha256:3dde1435e6b6fe5b66506c1dff67a421d0b7f6488d466f651c07f4cab3bf20fd", size = 11630486, upload-time = "2026-01-22T22:30:10.852Z" },
    { url = "https://files.pythonhosted.org/packages/9e/6a/40fee331a52339926a92e17ae748827270b288a35ef4a15c9c8f2ec54715/ruff-0.14.14-py3-none-win_arm64.whl", hash = "sha256:56e6981a98b13a32236a72a8da421d7839221fa308b223b9283312312e5ac76c", size = 10920448, upload-time = "2026-01-22T22:30:15.417Z" },
]

[[package]]
name = "six"
version = "1.17.0"
source = { registry = "https://pypi.org/simple" }
sdist = { url = "https://files.pythonhosted.org/packages/94/e7/b2c673351809dca68a0e064b6af791aa332cf192da575fd474ed7d6f16a2/six-1.17.0.tar.gz", hash = "sha256:ff70335d468e7eb6ec65b95b99d3a2836546063f63acc5171de367e834932a81", size = 34031, upload-time = "2024-12-04T17:35:28.174Z" }
wheels = [
    { url = "https://files.pythonhosted.org/packages/b7/ce/149a00dd41f10bc29e5921b496af8b574d8413afcd5e30dfa0ed46c2cc5e/six-1.17.0-py2.py3-none-any.whl", hash = "sha256:4721f391ed90541fddacab5acf947aa0d3dc7d27b2e1e8eda2be8970586c3274", size = 11050, upload-time = "2024-12-04T17:35:26.475Z" },
]

[[package]]
name = "typing-extensions"
version = "4.16.0"
source = { registry = "https://pypi.org/simple" }
sdist = { url = "https://files.pythonhosted.org/packages/f6/cc/6253133b5bb138fc3306cebfbda2c520f545d36b5be2c7255cc528bb45d6/typing_extensions-4.16.0.tar.gz", hash = "sha256:dc983d19a509c94dba722ee6abd33940f7c05a89e243c47e907eb4db6f1a43e5", size = 113555, upload-time = "2026-07-02T08:40:05.92Z" }
wheels = [
    { url = "https://files.pythonhosted.org/packages/49/d3/b8441a820a491ddfc024b0b0cf0393375b75ea13866d9c66727e54c2fc80/typing_extensions-4.16.0-py3-none-any.whl", hash = "sha256:481caa481374e813c1b176ada14e97f1f67a4539ce9cfeb3f350d78d6370c2e8", size = 45571, upload-time = "2026-07-02T08:40:04.659Z" },
]
